// !$*UTF8*$!
{
	archiveVersion = 1;
	classes = {
	};
	objectVersion = 46;
	objects = {

/* Begin PBXBuildFile section */
		BD81D14619FFB92C0065E9A2 /* main.m in Sources */ = {isa = PBXBuildFile; fileRef = BD81D14519FFB92C0065E9A2 /* main.m */; };
		BD81D14919FFB92C0065E9A2 /* AppDelegate.m in Sources */ = {isa = PBXBuildFile; fileRef = BD81D14819FFB92C0065E9A2 /* AppDelegate.m */; };
		BD81D14C19FFB92C0065E9A2 /* ViewController.m in Sources */ = {isa = PBXBuildFile; fileRef = BD81D14B19FFB92C0065E9A2 /* ViewController.m */; };
		BD81D14F19FFB92C0065E9A2 /* Main.storyboard in Resources */ = {isa = PBXBuildFile; fileRef = BD81D14D19FFB92C0065E9A2 /* Main.storyboard */; };
		BD81D15119FFB92C0065E9A2 /* Images.xcassets in Resources */ = {isa = PBXBuildFile; fileRef = BD81D15019FFB92C0065E9A2 /* Images.xcassets */; };
		BD81D15419FFB92C0065E9A2 /* LaunchScreen.xib in Resources */ = {isa = PBXBuildFile; fileRef = BD81D15219FFB92C0065E9A2 /* LaunchScreen.xib */; };
		BD81D16019FFB92C0065E9A2 /* HighLitesTests.m in Sources */ = {isa = PBXBuildFile; fileRef = BD81D15F19FFB92C0065E9A2 /* HighLitesTests.m */; };
/* End PBXBuildFile section */

/* Begin PBXContainerItemProxy section */
		BD81D15A19FFB92C0065E9A2 /* PBXContainerItemProxy */ = {
			isa = PBXContainerItemProxy;
			containerPortal = BD81D13819FFB92B0065E9A2 /* Project object */;
			proxyType = 1;
			remoteGlobalIDString = BD81D13F19FFB92C0065E9A2;
			remoteInfo = HighLites;
		};
/* End PBXContainerItemProxy section */

/* Begin PBXFileReference section */
		BD81D14019FFB92C0065E9A2 /* HighLites.app */ = {isa = PBXFileReference; explicitFileType = wrapper.application; includeInIndex = 0; path = HighLites.app; sourceTree = BUILT_PRODUCTS_DIR; };
		BD81D14419FFB92C0065E9A2 /* Info.plist */ = {isa = PBXFileReference; lastKnownFileType = text.plist.xml; path = Info.plist; sourceTree = "<group>"; };
		BD81D14519FFB92C0065E9A2 /* main.m */ = {isa = PBXFileReference; lastKnownFileType = sourcecode.c.objc; path = main.m; sourceTree = "<group>"; };
		BD81D14719FFB92C0065E9A2 /* AppDelegate.h */ = {isa = PBXFileReference; lastKnownFileType = sourcecode.c.h; path = AppDelegate.h; sourceTree = "<group>"; };
		BD81D14819FFB92C0065E9A2 /* AppDelegate.m */ = {isa = PBXFileReference; lastKnownFileType = sourcecode.c.objc; path = AppDelegate.m; sourceTree = "<group>"; };
		BD81D14A19FFB92C0065E9A2 /* ViewController.h */ = {isa = PBXFileReference; lastKnownFileType = sourcecode.c.h; path = ViewController.h; sourceTree = "<group>"; };
		BD81D14B19FFB92C0065E9A2 /* ViewController.m */ = {isa = PBXFileReference; lastKnownFileType = sourcecode.c.objc; path = ViewController.m; sourceTree = "<group>"; };
		BD81D14E19FFB92C0065E9A2 /* Base */ = {isa = PBXFileReference; lastKnownFileType = file.storyboard; name = Base; path = Base.lproj/Main.storyboard; sourceTree = "<group>"; };
		BD81D15019FFB92C0065E9A2 /* Images.xcassets */ = {isa = PBXFileReference; lastKnownFileType = folder.assetcatalog; path = Images.xcassets; sourceTree = "<group>"; };
		BD81D15319FFB92C0065E9A2 /* Base */ = {isa = PBXFileReference; lastKnownFileType = file.xib; name = Base; path = Base.lproj/LaunchScreen.xib; sourceTree = "<group>"; };
		BD81D15919FFB92C0065E9A2 /* HighLitesTests.xctest */ = {isa = PBXFileReference; explicitFileType = wrapper.cfbundle; includeInIndex = 0; path = HighLitesTests.xctest; sourceTree = BUILT_PRODUCTS_DIR; };
		BD81D15E19FFB92C0065E9A2 /* Info.plist */ = {isa = PBXFileReference; lastKnownFileType = text.plist.xml; path = Info.plist; sourceTree = "<group>"; };
		BD81D15F19FFB92C0065E9A2 /* HighLitesTests.m */ = {isa = PBXFileReference; lastKnownFileType = sourcecode.c.objc; path = HighLitesTests.m; sourceTree = "<group>"; };
/* End PBXFileReference section */

/* Begin PBXFrameworksBuildPhase section */
		BD81D13D19FFB92C0065E9A2 /* Frameworks */ = {
			isa = PBXFrameworksBuildPhase;
			buildActionMask = 2147483647;
			files = (
			);
			runOnlyForDeploymentPostprocessing = 0;
		};
		BD81D15619FFB92C0065E9A2 /* Frameworks */ = {
			isa = PBXFrameworksBuildPhase;
			buildActionMask = 2147483647;
			files = (
			);
			runOnlyForDeploymentPostprocessing = 0;
		};
/* End PBXFrameworksBuildPhase section */

/* Begin PBXGroup section */
		BD81D13719FFB92B0065E9A2 = {
			isa = PBXGroup;
			children = (
				BD81D14219FFB92C0065E9A2 /* HighLites */,
				BD81D15C19FFB92C0065E9A2 /* HighLitesTests */,
				BD81D14119FFB92C0065E9A2 /* Products */,
			);
			sourceTree = "<group>";
		};
		BD81D14119FFB92C0065E9A2 /* Products */ = {
			isa = PBXGroup;
			children = (
				BD81D14019FFB92C0065E9A2 /* HighLites.app */,
				BD81D15919FFB92C0065E9A2 /* HighLitesTests.xctest */,
			);
			name = Products;
			sourceTree = "<group>";
		};
		BD81D14219FFB92C0065E9A2 /* HighLites */ = {
			isa = PBXGroup;
			children = (
				BD81D14719FFB92C0065E9A2 /* AppDelegate.h */,
				BD81D14819FFB92C0065E9A2 /* AppDelegate.m */,
				BD81D14A19FFB92C0065E9A2 /* ViewController.h */,
				BD81D14B19FFB92C0065E9A2 /* ViewController.m */,
				BD81D14D19FFB92C0065E9A2 /* Main.storyboard */,
				BD81D15019FFB92C0065E9A2 /* Images.xcassets */,
				BD81D15219FFB92C0065E9A2 /* LaunchScreen.xib */,
				BD81D14319FFB92C0065E9A2 /* Supporting Files */,
			);
			path = HighLites;
			sourceTree = "<group>";
		};
		BD81D14319FFB92C0065E9A2 /* Supporting Files */ = {
			isa = PBXGroup;
			children = (
				BD81D14419FFB92C0065E9A2 /* Info.plist */,
				BD81D14519FFB92C0065E9A2 /* main.m */,
			);
			name = "Supporting Files";
			sourceTree = "<group>";
		};
		BD81D15C19FFB92C0065E9A2 /* HighLitesTests */ = {
			isa = PBXGroup;
			children = (
				BD81D15F19FFB92C0065E9A2 /* HighLitesTests.m */,
				BD81D15D19FFB92C0065E9A2 /* Supporting Files */,
			);
			path = HighLitesTests;
			sourceTree = "<group>";
		};
		BD81D15D19FFB92C0065E9A2 /* Supporting Files */ = {
			isa = PBXGroup;
			children = (
				BD81D15E19FFB92C0065E9A2 /* Info.plist */,
			);
			name = "Supporting Files";
			sourceTree = "<group>";
		};
/* End PBXGroup section */

/* Begin PBXNativeTarget section */
		BD81D13F19FFB92C0065E9A2 /* HighLites */ = {
			isa = PBXNativeTarget;
			buildConfigurationList = BD81D16319FFB92C0065E9A2 /* Build configuration list for PBXNativeTarget "HighLites" */;
			buildPhases = (
				BD81D13C19FFB92C0065E9A2 /* Sources */,
				BD81D13D19FFB92C0065E9A2 /* Frameworks */,
				BD81D13E19FFB92C0065E9A2 /* Resources */,
			);
			buildRules = (
			);
			dependencies = (
			);
			name = HighLites;
			productName = HighLites;
			productReference = BD81D14019FFB92C0065E9A2 /* HighLites.app */;
			productType = "com.apple.product-type.application";
		};
		BD81D15819FFB92C0065E9A2 /* HighLitesTests */ = {
			isa = PBXNativeTarget;
			buildConfigurationList = BD81D16619FFB92C0065E9A2 /* Build configuration list for PBXNativeTarget "HighLitesTests" */;
			buildPhases = (
				BD81D15519FFB92C0065E9A2 /* Sources */,
				BD81D15619FFB92C0065E9A2 /* Frameworks */,
				BD81D15719FFB92C0065E9A2 /* Resources */,
			);
			buildRules = (
			);
			dependencies = (
				BD81D15B19FFB92C0065E9A2 /* PBXTargetDependency */,
			);
			name = HighLitesTests;
			productName = HighLitesTests;
			productReference = BD81D15919FFB92C0065E9A2 /* HighLitesTests.xctest */;
			productType = "com.apple.product-type.bundle.unit-test";
		};
/* End PBXNativeTarget section */

/* Begin PBXProject section */
		BD81D13819FFB92B0065E9A2 /* Project object */ = {
			isa = PBXProject;
			attributes = {
				LastUpgradeCheck = 0610;
				ORGANIZATIONNAME = "Olusesan Ajina";
				TargetAttributes = {
					BD81D13F19FFB92C0065E9A2 = {
						CreatedOnToolsVersion = 6.1;
					};
					BD81D15819FFB92C0065E9A2 = {
						CreatedOnToolsVersion = 6.1;
						TestTargetID = BD81D13F19FFB92C0065E9A2;
					};
				};
			};
			buildConfigurationList = BD81D13B19FFB92B0065E9A2 /* Build configuration list for PBXProject "HighLites" */;
			compatibilityVersion = "Xcode 3.2";
			developmentRegion = English;
			hasScannedForEncodings = 0;
			knownRegions = (
				en,
				Base,
			);
			mainGroup = BD81D13719FFB92B0065E9A2;
			productRefGroup = BD81D14119FFB92C0065E9A2 /* Products */;
			projectDirPath = "";
			projectRoot = "";
			targets = (
				BD81D13F19FFB92C0065E9A2 /* HighLites */,
				BD81D15819FFB92C0065E9A2 /* HighLitesTests */,
			);
		};
/* End PBXProject section */

/* Begin PBXResourcesBuildPhase section */
		BD81D13E19FFB92C0065E9A2 /* Resources */ = {
			isa = PBXResourcesBuildPhase;
			buildActionMask = 2147483647;
			files = (
				BD81D14F19FFB92C0065E9A2 /* Main.storyboard in Resources */,
				BD81D15419FFB92C0065E9A2 /* LaunchScreen.xib in Resources */,
				BD81D15119FFB92C0065E9A2 /* Images.xcassets in Resources */,
			);
			runOnlyForDeploymentPostprocessing = 0;
		};
		BD81D15719FFB92C0065E9A2 /* Resources */ = {
			isa = PBXResourcesBuildPhase;
			buildActionMask = 2147483647;
			files = (
			);
			runOnlyForDeploymentPostprocessing = 0;
		};
/* End PBXResourcesBuildPhase section */

/* Begin PBXSourcesBuildPhase section */
		BD81D13C19FFB92C0065E9A2 /* Sources */ = {
			isa = PBXSourcesBuildPhase;
			buildActionMask = 2147483647;
			files = (
				BD81D14C19FFB92C0065E9A2 /* ViewController.m in Sources */,
				BD81D14919FFB92C0065E9A2 /* AppDelegate.m in Sources */,
				BD81D14619FFB92C0065E9A2 /* main.m in Sources */,
			);
			runOnlyForDeploymentPostprocessing = 0;
		};
		BD81D15519FFB92C0065E9A2 /* Sources */ = {
			isa = PBXSourcesBuildPhase;
			buildActionMask = 2147483647;
			files = (
				BD81D16019FFB92C0065E9A2 /* HighLitesTests.m in Sources */,
			);
			runOnlyForDeploymentPostprocessing = 0;
		};
/* End PBXSourcesBuildPhase section */

/* Begin PBXTargetDependency section */
		BD81D15B19FFB92C0065E9A2 /* PBXTargetDependency */ = {
			isa = PBXTargetDependency;
			target = BD81D13F19FFB92C0065E9A2 /* HighLites */;
			targetProxy = BD81D15A19FFB92C0065E9A2 /* PBXContainerItemProxy */;
		};
/* End PBXTargetDependency section */

/* Begin PBXVariantGroup section */
		BD81D14D19FFB92C0065E9A2 /* Main.storyboard */ = {
			isa = PBXVariantGroup;
			children = (
				BD81D14E19FFB92C0065E9A2 /* Base */,
			);
			name = Main.storyboard;
			sourceTree = "<group>";
		};
		BD81D15219FFB92C0065E9A2 /* LaunchScreen.xib */ = {
			isa = PBXVariantGroup;
			children = (
				BD81D15319FFB92C0065E9A2 /* Base */,
			);
			name = LaunchScreen.xib;
			sourceTree = "<group>";
		};
/* End PBXVariantGroup section */

/* Begin XCBuildConfiguration section */
		BD81D16119FFB92C0065E9A2 /* Debug */ = {
			isa = XCBuildConfiguration;
			buildSettings = {
				ALWAYS_SEARCH_USER_PATHS = NO;
				CLANG_CXX_LANGUAGE_STANDARD = "gnu++0x";
				CLANG_CXX_LIBRARY = "libc++";
				CLANG_ENABLE_MODULES = YES;
				CLANG_ENABLE_OBJC_ARC = YES;
				CLANG_WARN_BOOL_CONVERSION = YES;
				CLANG_WARN_CONSTANT_CONVERSION = YES;
				CLANG_WARN_DIRECT_OBJC_ISA_USAGE = YES_ERROR;
				CLANG_WARN_EMPTY_BODY = YES;
				CLANG_WARN_ENUM_CONVERSION = YES;
				CLANG_WARN_INT_CONVERSION = YES;
				CLANG_WARN_OBJC_ROOT_CLASS = YES_ERROR;
				CLANG_WARN_UNREACHABLE_CODE = YES;
				CLANG_WARN__DUPLICATE_METHOD_MATCH = YES;
				"CODE_SIGN_IDENTITY[sdk=iphoneos*]" = "iPhone Developer";
				COPY_PHASE_STRIP = NO;
				ENABLE_STRICT_OBJC_MSGSEND = YES;
				GCC_C_LANGUAGE_STANDARD = gnu99;
				GCC_DYNAMIC_NO_PIC = NO;
				GCC_OPTIMIZATION_LEVEL = 0;
				GCC_PREPROCESSOR_DEFINITIONS = (
					"DEBUG=1",
					"$(inherited)",
				);
				GCC_SYMBOLS_PRIVATE_EXTERN = NO;
				GCC_WARN_64_TO_32_BIT_CONVERSION = YES;
				GCC_WARN_ABOUT_RETURN_TYPE = YES_ERROR;
				GCC_WARN_UNDECLARED_SELECTOR = YES;
				GCC_WARN_UNINITIALIZED_AUTOS = YES_AGGRESSIVE;
				GCC_WARN_UNUSED_FUNCTION = YES;
				GCC_WARN_UNUSED_VARIABLE = YES;
				IPHONEOS_DEPLOYMENT_TARGET = 8.1;
				MTL_ENABLE_DEBUG_INFO = YES;
				ONLY_ACTIVE_ARCH = YES;
				SDKROOT = iphoneos;
			};
			name = Debug;
		};
		BD81D16219FFB92C0065E9A2 /* Release */ = {
			isa = XCBuildConfiguration;
			buildSettings = {
				ALWAYS_SEARCH_USER_PATHS = NO;
				CLANG_CXX_LANGUAGE_STANDARD = "gnu++0x";
				CLANG_CXX_LIBRARY = "libc++";
				CLANG_ENABLE_MODULES = YES;
				CLANG_ENABLE_OBJC_ARC = YES;
				CLANG_WARN_BOOL_CONVERSION = YES;
				CLANG_WARN_CONSTANT_CONVERSION = YES;
				CLANG_WARN_DIRECT_OBJC_ISA_USAGE = YES_ERROR;
				CLANG_WARN_EMPTY_BODY = YES;
				CLANG_WARN_ENUM_CONVERSION = YES;
				CLANG_WARN_INT_CONVERSION = YES;
				CLANG_WARN_OBJC_ROOT_CLASS = YES_ERROR;
				CLANG_WARN_UNREACHABLE_CODE = YES;
				CLANG_WARN__DUPLICATE_METHOD_MATCH = YES;
				"CODE_SIGN_IDENTITY[sdk=iphoneos*]" = "iPhone Developer";
				COPY_PHASE_STRIP = YES;
				ENABLE_NS_ASSERTIONS = NO;
				ENABLE_STRICT_OBJC_MSGSEND = YES;
				GCC_C_LANGUAGE_STANDARD = gnu99;
				GCC_WARN_64_TO_32_BIT_CONVERSION = YES;
				GCC_WARN_ABOUT_RETURN_TYPE = YES_ERROR;
				GCC_WARN_UNDECLARED_SELECTOR = YES;
				GCC_WARN_UNINITIALIZED_AUTOS = YES_AGGRESSIVE;
				GCC_WARN_UNUSED_FUNCTION = YES;
				GCC_WARN_UNUSED_VARIABLE = YES;
				IPHONEOS_DEPLOYMENT_TARGET = 8.1;
				MTL_ENABLE_DEBUG_INFO = NO;
				SDKROOT = iphoneos;
				VALIDATE_PRODUCT = YES;
			};
			name = Release;
		};
		BD81D16419FFB92C0065E9A2 /* Debug */ = {
			isa = XCBuildConfiguration;
			buildSettings = {
				ASSETCATALOG_COMPILER_APPICON_NAME = AppIcon;
				INFOPLIST_FILE = HighLites/Info.plist;
				LD_RUNPATH_SEARCH_PATHS = "$(inherited) @executable_path/Frameworks";
				PRODUCT_NAME = "$(TARGET_NAME)";
			};
			name = Debug;
		};
		BD81D16519FFB92C0065E9A2 /* Release */ = {
			isa = XCBuildConfiguration;
			buildSettings = {
				ASSETCATALOG_COMPILER_APPICON_NAME = AppIcon;
				INFOPLIST_FILE = HighLites/Info.plist;
				LD_RUNPATH_SEARCH_PATHS = "$(inherited) @executable_path/Frameworks";
				PRODUCT_NAME = "$(TARGET_NAME)";
			};
			name = Release;
		};
		BD81D16719FFB92C0065E9A2 /* Debug */ = {
			isa = XCBuildConfiguration;
			buildSettings = {
				BUNDLE_LOADER = "$(TEST_HOST)";
				FRAMEWORK_SEARCH_PATHS = (
					"$(SDKROOT)/Developer/Library/Frameworks",
					"$(inherited)",
				);
				GCC_PREPROCESSOR_DEFINITIONS = (
					"DEBUG=1",
					"$(inherited)",
				);
				INFOPLIST_FILE = HighLitesTests/Info.plist;
				LD_RUNPATH_SEARCH_PATHS = "$(inherited) @executable_path/Frameworks @loader_path/Frameworks";
				PRODUCT_NAME = "$(TARGET_NAME)";
				TEST_HOST = "$(BUILT_PRODUCTS_DIR)/HighLites.app/HighLites";
			};
			name = Debug;
		};
		BD81D16819FFB92C0065E9A2 /* Release */ = {
			isa = XCBuildConfiguration;
			buildSettings = {
				BUNDLE_LOADER = "$(TEST_HOST)";
				FRAMEWORK_SEARCH_PATHS = (
					"$(SDKROOT)/Developer/Library/Frameworks",
					"$(inherited)",
				);
				INFOPLIST_FILE = HighLitesTests/Info.plist;
				LD_RUNPATH_SEARCH_PATHS = "$(inherited) @executable_path/Frameworks @loader_path/Frameworks";
				PRODUCT_NAME = "$(TARGET_NAME)";
				TEST_HOST = "$(BUILT_PRODUCTS_DIR)/HighLites.app/HighLites";
			};
			name = Release;
		};
/* End XCBuildConfiguration section */

/* Begin XCConfigurationList section */
		BD81D13B19FFB92B0065E9A2 /* Build configuration list for PBXProject "HighLites" */ = {
			isa = XCConfigurationList;
			buildConfigurations = (
				BD81D16119FFB92C0065E9A2 /* Debug */,
				BD81D16219FFB92C0065E9A2 /* Release */,
			);
			defaultConfigurationIsVisible = 0;
			defaultConfigurationName = Release;
		};
		BD81D16319FFB92C0065E9A2 /* Build configuration list for PBXNativeTarget "HighLites" */ = {
			isa = XCConfigurationList;
			buildConfigurations = (
				BD81D16419FFB92C0065E9A2 /* Debug */,
				BD81D16519FFB92C0065E9A2 /* Release */,
			);
			defaultConfigurationIsVisible = 0;
		};
		BD81D16619FFB92C0065E9A2 /* Build configuration list for PBXNativeTarget "HighLitesTests" */ = {
			isa = XCConfigurationList;
			buildConfigurations = (
				BD81D16719FFB92C0065E9A2 /* Debug */,
				BD81D16819FFB92C0065E9A2 /* Release */,
			);
			defaultConfigurationIsVisible = 0;
		};
/* End XCConfigurationList section */
	};
	rootObject = BD81D13819FFB92B0065E9A2 /* Project object */;
}
